
Microsoft Visual Studio Solution File, Format Version 12.00
# Visual Studio Version 17
VisualStudioVersion = 17.14.36811.4 d17.14
MinimumVisualStudioVersion = 10.0.40219.1
Project("{FAE04EC0-301F-11D3-BF4B-00C04F79EFBC}") = "Fruitables-MVC", "Fruitables-MVC.csproj", "{37C0A727-A3D5-4D01-A3FE-A82DD5A97B34}"
EndProject
Global
	GlobalSection(SolutionConfigurationPlatforms) = preSolution
		Debug|Any CPU = Debug|Any CPU
		Release|Any CPU = Release|Any CPU
	EndGlobalSection
	GlobalSection(ProjectConfigurationPlatforms) = postSolution
		{37C0A727-A3D5-4D01-A3FE-A82DD5A97B34}.Debug|Any CPU.ActiveCfg = Debug|Any CPU
		{37C0A727-A3D5-4D01-A3FE-A82DD5A97B34}.Debug|Any CPU.Build.0 = Debug|Any CPU
		{37C0A727-A3D5-4D01-A3FE-A82DD5A97B34}.Release|Any CPU.ActiveCfg = Release|Any CPU
		{37C0A727-A3D5-4D01-A3FE-A82DD5A97B34}.Release|Any CPU.Build.0 = Release|Any CPU
	EndGlobalSection
	GlobalSection(SolutionProperties) = preSolution
		HideSolutionNode = FALSE
	EndGlobalSection
	GlobalSection(ExtensibilityGlobals) = postSolution
		SolutionGuid = {04347DAA-F87B-4CBA-A059-D5DB92713177}
	EndGlobalSection
EndGlobal
